
Microsoft Visual Studio Solution File, Format Version 12.00
# Visual Studio Version 17
VisualStudioVersion = 17.9.34728.123
MinimumVisualStudioVersion = 10.0.40219.1
Project("{FAE04EC0-301F-11D3-BF4B-00C04F79EFBC}") = "FinalTestRSM", "FinalTestRSM.csproj", "{776B01EF-3B81-4697-9C91-15E7D18A8A90}"
EndProject
Global
	GlobalSection(SolutionConfigurationPlatforms) = preSolution
		Debug|Any CPU = Debug|Any CPU
		Release|Any CPU = Release|Any CPU
	EndGlobalSection
	GlobalSection(ProjectConfigurationPlatforms) = postSolution
		{776B01EF-3B81-4697-9C91-15E7D18A8A90}.Debug|Any CPU.ActiveCfg = Debug|Any CPU
		{776B01EF-3B81-4697-9C91-15E7D18A8A90}.Debug|Any CPU.Build.0 = Debug|Any CPU
		{776B01EF-3B81-4697-9C91-15E7D18A8A90}.Release|Any CPU.ActiveCfg = Release|Any CPU
		{776B01EF-3B81-4697-9C91-15E7D18A8A90}.Release|Any CPU.Build.0 = Release|Any CPU
	EndGlobalSection
	GlobalSection(SolutionProperties) = preSolution
		HideSolutionNode = FALSE
	EndGlobalSection
	GlobalSection(ExtensibilityGlobals) = postSolution
		SolutionGuid = {1ACD50F2-3405-4D5A-8A30-E72EC8BA1151}
	EndGlobalSection
EndGlobal
